
Microsoft Visual Studio Solution File, Format Version 12.00
# Visual Studio 15
VisualStudioVersion = 15.0.27703.2047
MinimumVisualStudioVersion = 10.0.40219.1
Project("{FAE04EC0-301F-11D3-BF4B-00C04F79EFBC}") = "AllersGroup", "AllersGroup\AllersGroup.csproj", "{3FF1AE68-2C69-462B-B3C4-4767E3D8A824}"
EndProject
Project("{FAE04EC0-301F-11D3-BF4B-00C04F79EFBC}") = "TestAlgoritmos", "TestAlgoritmos\TestAlgoritmos.csproj", "{2CF5DBE3-0AF0-4771-915A-EEF1224EC147}"
EndProject
Global
	GlobalSection(SolutionConfigurationPlatforms) = preSolution
		Debug|Any CPU = Debug|Any CPU
		Release|Any CPU = Release|Any CPU
	EndGlobalSection
	GlobalSection(ProjectConfigurationPlatforms) = postSolution
		{3FF1AE68-2C69-462B-B3C4-4767E3D8A824}.Debug|Any CPU.ActiveCfg = Debug|Any CPU
		{3FF1AE68-2C69-462B-B3C4-4767E3D8A824}.Debug|Any CPU.Build.0 = Debug|Any CPU
		{3FF1AE68-2C69-462B-B3C4-4767E3D8A824}.Release|Any CPU.ActiveCfg = Release|Any CPU
		{3FF1AE68-2C69-462B-B3C4-4767E3D8A824}.Release|Any CPU.Build.0 = Release|Any CPU
		{2CF5DBE3-0AF0-4771-915A-EEF1224EC147}.Debug|Any CPU.ActiveCfg = Debug|Any CPU
		{2CF5DBE3-0AF0-4771-915A-EEF1224EC147}.Debug|Any CPU.Build.0 = Debug|Any CPU
		{2CF5DBE3-0AF0-4771-915A-EEF1224EC147}.Release|Any CPU.ActiveCfg = Release|Any CPU
		{2CF5DBE3-0AF0-4771-915A-EEF1224EC147}.Release|Any CPU.Build.0 = Release|Any CPU
	EndGlobalSection
	GlobalSection(SolutionProperties) = preSolution
		HideSolutionNode = FALSE
	EndGlobalSection
	GlobalSection(ExtensibilityGlobals) = postSolution
		SolutionGuid = {2F819E00-3257-4B1E-9C97-6CA95C9122BD}
	EndGlobalSection
EndGlobal
